<?xml version="1.0" encoding="utf-8"?>
<Project ToolsVersion="4.0" xmlns="http://schemas.microsoft.com/developer/msbuild/2003">
  <ItemGroup>
    <Filter Include="2 Source Files">
      <UniqueIdentifier>{4FC737F1-C7A5-4376-A066-2A32D752A2FF}</UniqueIdentifier>
      <Extensions>cpp;c;cc;cxx;def;odl;idl;hpj;bat;asm;asmx</Extensions>
    </Filter>
    <Filter Include="1 Header Files">
      <UniqueIdentifier>{93995380-89BD-4b04-88EB-625FBE52EBFB}</UniqueIdentifier>
      <Extensions>h;hpp;hxx;hm;inl;inc;xsd</Extensions>
    </Filter>
    <Filter Include="3 Resource Files">
      <UniqueIdentifier>{67DA6AB6-F800-4c08-8B7A-83BB121AAD01}</UniqueIdentifier>
      <Extensions>rc;ico;cur;bmp;dlg;rc2;rct;bin;rgs;gif;jpg;jpeg;jpe;resx;tiff;tif;png;wav</Extensions>
    </Filter>
    <Filter Include="4 lang">
      <UniqueIdentifier>{d2f435e7-e4e7-4772-8716-d1f7904df65a}</UniqueIdentifier>
    </Filter>
    <Filter Include="5 dist">
      <UniqueIdentifier>{79ebe66f-5344-4f5f-b537-3c733c31d748}</UniqueIdentifier>
    </Filter>
  </ItemGroup>
  <ItemGroup>
    <ClCompile Include="..\..\lsMisc\CommandLineParser.cpp">
      <Filter>2 Source Files</Filter>
    </ClCompile>
    <ClCompile Include="copyuuid.cpp">
      <Filter>2 Source Files</Filter>
    </ClCompile>
    <ClCompile Include="..\..\lsMisc\OpenCommon.cpp">
      <Filter>2 Source Files</Filter>
    </ClCompile>
    <ClCompile Include="..\..\lsMisc\SetClipboardText.cpp">
      <Filter>2 Source Files</Filter>
    </ClCompile>
    <ClCompile Include="stdafx.cpp">
      <Filter>2 Source Files</Filter>
    </ClCompile>
    <ClCompile Include="..\..\lsMisc\UrlEncode.cpp">
      <Filter>2 Source Files</Filter>
    </ClCompile>
    <ClCompile Include="..\..\lsMisc\UTF16toUTF8.cpp">
      <Filter>2 Source Files</Filter>
    </ClCompile>
    <ClCompile Include="..\..\lsMisc\I18N.cpp">
      <Filter>2 Source Files</Filter>
    </ClCompile>
    <ClCompile Include="..\..\lsMisc\stdosd\stdosd.cpp">
      <Filter>2 Source Files</Filter>
    </ClCompile>
    <ClCompile Include="..\..\lsMisc\stdosd\stdosd_win.cpp">
      <Filter>2 Source Files</Filter>
    </ClCompile>
  </ItemGroup>
  <ItemGroup>
    <ClInclude Include="..\..\lsMisc\CommandLineParser.h">
      <Filter>1 Header Files</Filter>
    </ClInclude>
    <ClInclude Include="copyuuid.h">
      <Filter>1 Header Files</Filter>
    </ClInclude>
    <ClInclude Include="..\..\lsMisc\OpenCommon.h">
      <Filter>1 Header Files</Filter>
    </ClInclude>
    <ClInclude Include="Resource.h">
      <Filter>1 Header Files</Filter>
    </ClInclude>
    <ClInclude Include="..\..\lsMisc\SetClipboardText.h">
      <Filter>1 Header Files</Filter>
    </ClInclude>
    <ClInclude Include="stdafx.h">
      <Filter>1 Header Files</Filter>
    </ClInclude>
    <ClInclude Include="targetver.h">
      <Filter>1 Header Files</Filter>
    </ClInclude>
    <ClInclude Include="..\..\lsMisc\UrlEncode.h">
      <Filter>1 Header Files</Filter>
    </ClInclude>
    <ClInclude Include="..\..\lsMisc\UTF16toUTF8.h">
      <Filter>1 Header Files</Filter>
    </ClInclude>
    <ClInclude Include="..\..\lsMisc\I18N.h">
      <Filter>1 Header Files</Filter>
    </ClInclude>
    <ClInclude Include="..\..\lsMisc\stdosd\stdosd.h">
      <Filter>1 Header Files</Filter>
    </ClInclude>
  </ItemGroup>
  <ItemGroup>
    <Image Include="copyuuid.ico">
      <Filter>3 Resource Files</Filter>
    </Image>
    <Image Include="small.ico">
      <Filter>3 Resource Files</Filter>
    </Image>
  </ItemGroup>
  <ItemGroup>
    <ResourceCompile Include="copyuuid.rc">
      <Filter>3 Resource Files</Filter>
    </ResourceCompile>
  </ItemGroup>
  <ItemGroup>
    <Text Include="lang\jpn.txt">
      <Filter>4 lang</Filter>
    </Text>
    <Text Include="..\History.txt">
      <Filter>5 dist</Filter>
    </Text>
  </ItemGroup>
  <ItemGroup>
    <None Include="..\LICENSE">
      <Filter>5 dist</Filter>
    </None>
    <None Include="..\Readme.md">
      <Filter>5 dist</Filter>
    </None>
  </ItemGroup>
</Project>